
Microsoft Visual Studio Solution File, Format Version 12.00
# Visual Studio Version 17
VisualStudioVersion = 17.5.33414.496
MinimumVisualStudioVersion = 10.0.40219.1
Project("{FAE04EC0-301F-11D3-BF4B-00C04F79EFBC}") = "MiniBBS", "MiniBBS\MiniBBS.csproj", "{FDF6ABC1-FDF9-4E01-94DD-E0195934B26C}"
EndProject
Project("{FAE04EC0-301F-11D3-BF4B-00C04F79EFBC}") = "MiniBBS.Tests", "MiniBBS.Tests\MiniBBS.Tests.csproj", "{FA5D7E6E-1E19-4BAF-8A05-A6CD4B7407B2}"
EndProject
Global
	GlobalSection(SolutionConfigurationPlatforms) = preSolution
		Debug|Any CPU = Debug|Any CPU
		Release|Any CPU = Release|Any CPU
	EndGlobalSection
	GlobalSection(ProjectConfigurationPlatforms) = postSolution
		{FDF6ABC1-FDF9-4E01-94DD-E0195934B26C}.Debug|Any CPU.ActiveCfg = Debug|Any CPU
		{FDF6ABC1-FDF9-4E01-94DD-E0195934B26C}.Debug|Any CPU.Build.0 = Debug|Any CPU
		{FDF6ABC1-FDF9-4E01-94DD-E0195934B26C}.Release|Any CPU.ActiveCfg = Release|Any CPU
		{FDF6ABC1-FDF9-4E01-94DD-E0195934B26C}.Release|Any CPU.Build.0 = Release|Any CPU
		{FA5D7E6E-1E19-4BAF-8A05-A6CD4B7407B2}.Debug|Any CPU.ActiveCfg = Debug|Any CPU
		{FA5D7E6E-1E19-4BAF-8A05-A6CD4B7407B2}.Debug|Any CPU.Build.0 = Debug|Any CPU
		{FA5D7E6E-1E19-4BAF-8A05-A6CD4B7407B2}.Release|Any CPU.ActiveCfg = Release|Any CPU
		{FA5D7E6E-1E19-4BAF-8A05-A6CD4B7407B2}.Release|Any CPU.Build.0 = Release|Any CPU
	EndGlobalSection
	GlobalSection(SolutionProperties) = preSolution
		HideSolutionNode = FALSE
	EndGlobalSection
	GlobalSection(ExtensibilityGlobals) = postSolution
		SolutionGuid = {43C450CA-80F5-4216-889F-AC23DB489D6A}
	EndGlobalSection
EndGlobal
